<Solution>
  <Project Path="EJERCICIO1/EJERCICIO1.csproj" Id="e25e4910-dcfd-496e-ac02-c7affa140f12" />
  <Project Path="ejercicio4/ejercicio4.csproj" Id="9997fb59-1d29-4e8a-80de-8367f82112ec" />
  <Project Path="ejercicio5/ejercicio5.csproj" Id="67bdf6a4-85d5-4b84-88bf-ac783cf8a270" />
  <Project Path="EJERCICIO6/EJERCICIO6.csproj" Id="9114e015-ceb5-4769-bc43-894b95f52526" />
</Solution>
